{
  "name": "my-app",
  "version": "1.0.0",
  "lockfileVersion": 1,
  "dependencies": {
    "express": {
      "version": "4.17.1",
      "resolved": "https://registry.npmjs.org/express/-/express-4.17.1.tgz",
      "integrity": "sha512-...==",
      "engines": {
        "node": ">= 6.0.0"
      }
    },
    "mongoose": {
      "version": "5.9.10",
      "resolved": "https://registry.npmjs.org/mongoose/-/mongoose-5.9.10.tgz",
      "integrity": "sha512-...=="
    }
  }
}    
